
Microsoft Visual Studio Solution File, Format Version 12.00
# Visual Studio 15
VisualStudioVersion = 15.0.27428.1
MinimumVisualStudioVersion = 10.0.40219.1
Project("{FAE04EC0-301F-11D3-BF4B-00C04F79EFBC}") = "Log In", "Log In\Log In.csproj", "{BDD44FB7-E57F-48EF-A404-1F27F287FAEB}"
EndProject
Global
	GlobalSection(SolutionConfigurationPlatforms) = preSolution
		Debug|Any CPU = Debug|Any CPU
		Release|Any CPU = Release|Any CPU
	EndGlobalSection
	GlobalSection(ProjectConfigurationPlatforms) = postSolution
		{BDD44FB7-E57F-48EF-A404-1F27F287FAEB}.Debug|Any CPU.ActiveCfg = Debug|Any CPU
		{BDD44FB7-E57F-48EF-A404-1F27F287FAEB}.Debug|Any CPU.Build.0 = Debug|Any CPU
		{BDD44FB7-E57F-48EF-A404-1F27F287FAEB}.Release|Any CPU.ActiveCfg = Release|Any CPU
		{BDD44FB7-E57F-48EF-A404-1F27F287FAEB}.Release|Any CPU.Build.0 = Release|Any CPU
	EndGlobalSection
	GlobalSection(SolutionProperties) = preSolution
		HideSolutionNode = FALSE
	EndGlobalSection
	GlobalSection(ExtensibilityGlobals) = postSolution
		SolutionGuid = {F9B0A1ED-DFAF-44CF-8E16-130C19E993BE}
	EndGlobalSection
EndGlobal
